{"SurveyEntry":{"SurveyID":"SV_8B15MeMeEMk1zHE","SurveyName":"Krauss & Wang replication pre-survey","SurveyDescription":null,"SurveyOwnerID":"UR_dfXAVvK6bWIX8HQ","SurveyBrandID":"stanforduniversity","DivisionID":null,"SurveyLanguage":"EN","SurveyActiveResponseSet":"RS_byeSQVtuH8CU8Zg","SurveyStatus":"Inactive","SurveyStartDate":"0000-00-00 00:00:00","SurveyExpirationDate":"0000-00-00 00:00:00","SurveyCreationDate":"2023-11-12 12:49:10","CreatorID":"UR_dfXAVvK6bWIX8HQ","LastModified":"2024-03-25 17:16:45","LastAccessed":"0000-00-00 00:00:00","LastActivated":"2023-11-12 13:00:56","Deleted":null},"SurveyElements":[{"SurveyID":"SV_8B15MeMeEMk1zHE","Element":"BL","PrimaryAttribute":"Survey Blocks","SecondaryAttribute":null,"TertiaryAttribute":null,"Payload":[{"Type":"Default","Description":"Pre-screening questions","ID":"BL_6XRbCuPRqCt4ado","BlockElements":[{"Type":"Question","QuestionID":"QID7"},{"Type":"Question","QuestionID":"QID1"},{"Type":"Question","QuestionID":"QID2"},{"Type":"Question","QuestionID":"QID3"},{"Type":"Question","QuestionID":"QID4"},{"Type":"Question","QuestionID":"QID5"}]},{"Type":"Trash","Description":"Trash \/ Unused Questions","ID":"BL_8xiTQxFGKyOYvm6"},{"Type":"Standard","SubType":"","Description":"Consent notice","ID":"BL_2mnKiMBCKrdEfqu","BlockElements":[{"Type":"Question","QuestionID":"QID6"}]},{"Type":"Standard","SubType":"","Description":"Prolific ID","ID":"BL_2i7JaCa6eXpeh3o","BlockElements":[{"Type":"Question","QuestionID":"QID8"}]},{"Type":"Standard","SubType":"","Description":"End of Survey Message","ID":"BL_eeCbQQmaHvAjNxc","BlockElements":[{"Type":"Question","QuestionID":"QID9"}]}]},{"SurveyID":"SV_8B15MeMeEMk1zHE","Element":"FL","PrimaryAttribute":"Survey Flow","SecondaryAttribute":null,"TertiaryAttribute":null,"Payload":{"Type":"Root","FlowID":"FL_1","Flow":[{"Type":"EmbeddedData","FlowID":"FL_5","EmbeddedData":[{"Description":"PROLIFIC_PID","Type":"Recipient","Field":"PROLIFIC_PID","VariableType":"String","DataVisibility":[],"AnalyzeText":false}]},{"Type":"Standard","ID":"BL_2mnKiMBCKrdEfqu","FlowID":"FL_3","Autofill":[]},{"Type":"Standard","ID":"BL_2i7JaCa6eXpeh3o","FlowID":"FL_4","Autofill":[]},{"Type":"Block","ID":"BL_6XRbCuPRqCt4ado","FlowID":"FL_2","Autofill":[]},{"ID":"BL_eeCbQQmaHvAjNxc","Type":"Standard","FlowID":"FL_6"}],"Properties":{"Count":6,"RemovedFieldsets":[]}}},{"SurveyID":"SV_8B15MeMeEMk1zHE","Element":"PL","PrimaryAttribute":"Preview Link","SecondaryAttribute":null,"TertiaryAttribute":null,"Payload":{"PreviewType":"Brand","PreviewID":"a48b4760-8d5c-489b-bb8c-10242b72ee5f"}},{"SurveyID":"SV_8B15MeMeEMk1zHE","Element":"SO","PrimaryAttribute":"Survey Options","SecondaryAttribute":null,"TertiaryAttribute":null,"Payload":{"BackButton":"false","SaveAndContinue":"true","SurveyProtection":"PublicSurvey","BallotBoxStuffingPrevention":"false","NoIndex":"Yes","SecureResponseFiles":"true","SurveyExpiration":"None","SurveyTermination":"Redirect","Header":"","Footer":"","ProgressBarDisplay":"None","PartialData":"+1 week","ValidationMessage":null,"PreviousButton":" \u2190 ","NextButton":" \u2192 ","SurveyTitle":"Qualtrics Survey | Qualtrics Experience Management","SkinLibrary":"stanforduniversity","SkinType":"templated","Skin":{"brandingId":"2357677886","templateId":"*base","overrides":null},"NewScoring":1,"SurveyMetaDescription":"The most powerful, simple and trusted way to gather experience data. Start your journey to experience management and try a free account today.","CustomStyles":[],"EOSMessage":null,"ShowExportTags":"false","CollectGeoLocation":"false","PasswordProtection":"No","AnonymizeResponse":"No","RefererCheck":"No","BallotBoxStuffingPreventionBehavior":null,"BallotBoxStuffingPreventionMessage":null,"BallotBoxStuffingPreventionMessageLibrary":null,"BallotBoxStuffingPreventionURL":null,"RecaptchaV3":"false","ConfirmStart":false,"AutoConfirmStart":false,"RelevantID":"false","RelevantIDLockoutPeriod":"+30 days","UseCustomSurveyLinkCompletedMessage":null,"SurveyLinkCompletedMessage":null,"SurveyLinkCompletedMessageLibrary":null,"ResponseSummary":"No","EOSMessageLibrary":null,"EOSRedirectURL":"https:\/\/app.prolific.com\/submissions\/complete?cc=C213S2HK","EmailThankYou":"false","ThankYouEmailMessageLibrary":null,"ThankYouEmailMessage":null,"ValidateMessage":"false","ValidationMessageLibrary":null,"InactiveSurvey":null,"PartialDeletion":null,"PartialDataCloseAfter":"LastActivity","InactiveMessageLibrary":null,"InactiveMessage":null,"AvailableLanguages":{"EN":[]},"ProtectSelectionIds":true}},{"SurveyID":"SV_8B15MeMeEMk1zHE","Element":"SCO","PrimaryAttribute":"Scoring","SecondaryAttribute":null,"TertiaryAttribute":null,"Payload":{"ScoringCategories":[],"ScoringCategoryGroups":[],"ScoringSummaryCategory":null,"ScoringSummaryAfterQuestions":0,"ScoringSummaryAfterSurvey":0,"DefaultScoringCategory":null,"AutoScoringCategory":null}},{"SurveyID":"SV_8B15MeMeEMk1zHE","Element":"PROJ","PrimaryAttribute":"CORE","SecondaryAttribute":null,"TertiaryAttribute":"1.1.0","Payload":{"ProjectCategory":"CORE","SchemaVersion":"1.1.0"}},{"SurveyID":"SV_8B15MeMeEMk1zHE","Element":"STAT","PrimaryAttribute":"Survey Statistics","SecondaryAttribute":null,"TertiaryAttribute":null,"Payload":{"MobileCompatible":true,"ID":"Survey Statistics"}},{"SurveyID":"SV_8B15MeMeEMk1zHE","Element":"QC","PrimaryAttribute":"Survey Question Count","SecondaryAttribute":"9","TertiaryAttribute":null,"Payload":null},{"SurveyID":"SV_8B15MeMeEMk1zHE","Element":"SQ","PrimaryAttribute":"QID1","SecondaryAttribute":"Are you familiar with Chess?","TertiaryAttribute":null,"Payload":{"QuestionText":"Are you familiar with Chess?","DataExportTag":"Q1","QuestionType":"MC","Selector":"SAVR","SubSelector":"TX","Configuration":{"QuestionDescriptionOption":"UseText","Autoscale":{"YScale":{"Name":"yesNo","Type":"likert","Reverse":false}}},"QuestionDescription":"Are you familiar with Chess?","Choices":{"1":{"Display":"No"},"2":{"Display":"Yes"}},"ChoiceOrder":[1,2],"Validation":{"Settings":{"ForceResponse":"ON","ForceResponseType":"ON","Type":"None"}},"Language":[],"NextChoiceId":3,"NextAnswerId":1,"QuestionID":"QID1","DataVisibility":{"Private":false,"Hidden":false}}},{"SurveyID":"SV_8B15MeMeEMk1zHE","Element":"SQ","PrimaryAttribute":"QID4","SecondaryAttribute":"Are you familiar with the Birthday problem?","TertiaryAttribute":null,"Payload":{"QuestionText":"Are you familiar with the Birthday problem?","DataExportTag":"Q4","QuestionType":"MC","Selector":"SAVR","SubSelector":"TX","DataVisibility":{"Private":false,"Hidden":false},"Configuration":{"QuestionDescriptionOption":"UseText","Autoscale":{"YScale":{"Name":"yesNo","Type":"likert","Reverse":false}}},"QuestionDescription":"Are you familiar with the Birthday problem?","Choices":{"1":{"Display":"No"},"2":{"Display":"Yes"}},"ChoiceOrder":[1,2],"Validation":{"Settings":{"ForceResponse":"ON","ForceResponseType":"ON","Type":"None"}},"Language":[],"NextChoiceId":3,"NextAnswerId":1,"QuestionID":"QID4"}},{"SurveyID":"SV_8B15MeMeEMk1zHE","Element":"SQ","PrimaryAttribute":"QID5","SecondaryAttribute":"Are you familiar with the Linda problem?","TertiaryAttribute":null,"Payload":{"QuestionText":"Are you familiar with the Linda problem?","DataExportTag":"Q5","QuestionType":"MC","Selector":"SAVR","SubSelector":"TX","DataVisibility":{"Private":false,"Hidden":false},"Configuration":{"QuestionDescriptionOption":"UseText","Autoscale":{"YScale":{"Name":"yesNo","Type":"likert","Reverse":false}}},"QuestionDescription":"Are you familiar with the Linda problem?","Choices":{"1":{"Display":"No"},"2":{"Display":"Yes"}},"ChoiceOrder":[1,2],"Validation":{"Settings":{"ForceResponse":"ON","ForceResponseType":"ON","Type":"None"}},"Language":[],"NextChoiceId":3,"NextAnswerId":1,"QuestionID":"QID5"}},{"SurveyID":"SV_8B15MeMeEMk1zHE","Element":"SQ","PrimaryAttribute":"QID3","SecondaryAttribute":"Are you familiar with the Monty Hall problem?","TertiaryAttribute":null,"Payload":{"QuestionText":"Are you familiar with the Monty Hall problem?","DataExportTag":"MontyHallQuestion","QuestionType":"MC","Selector":"SAVR","SubSelector":"TX","DataVisibility":{"Private":false,"Hidden":false},"Configuration":{"QuestionDescriptionOption":"UseText","Autoscale":{"YScale":{"Name":"yesNo","Type":"likert","Reverse":false}}},"QuestionDescription":"Are you familiar with the Monty Hall problem?","Choices":{"1":{"Display":"No"},"2":{"Display":"Yes"}},"ChoiceOrder":[1,2],"Validation":{"Settings":{"ForceResponse":"ON","ForceResponseType":"ON","Type":"None"}},"Language":[],"NextChoiceId":3,"NextAnswerId":1,"QuestionID":"QID3"}},{"SurveyID":"SV_8B15MeMeEMk1zHE","Element":"SQ","PrimaryAttribute":"QID2","SecondaryAttribute":"Are you familiar with the Two Child problem?","TertiaryAttribute":null,"Payload":{"QuestionText":"Are you familiar with the Two Child problem?","DataExportTag":"Q2","QuestionType":"MC","Selector":"SAVR","SubSelector":"TX","DataVisibility":{"Private":false,"Hidden":false},"Configuration":{"QuestionDescriptionOption":"UseText","Autoscale":{"YScale":{"Name":"yesNo","Type":"likert","Reverse":false}}},"QuestionDescription":"Are you familiar with the Two Child problem?","Choices":{"1":{"Display":"No"},"2":{"Display":"Yes"}},"ChoiceOrder":[1,2],"Validation":{"Settings":{"ForceResponse":"ON","ForceResponseType":"ON","Type":"None"}},"Language":[],"NextChoiceId":3,"NextAnswerId":1,"QuestionID":"QID2"}},{"SurveyID":"SV_8B15MeMeEMk1zHE","Element":"SQ","PrimaryAttribute":"QID6","SecondaryAttribute":"By answering the following questions, you are participating in a study being performed by cogniti...","TertiaryAttribute":null,"Payload":{"QuestionText":"By answering the following questions, you are participating in a study being performed by cognitive scientists in the Stanford Department of Psychology. If you have questions about this research, please contact us at kemmann@stanford.edu. You must be at least 18 years old to participate. Your participation in this research is voluntary. You may decline to answer any or all of the following questions. You may decline further participation, at any time, without adverse consequences. Your anonymity is assured; the researchers who have requested your participation will not receive any personal information about you.","DefaultChoices":false,"DataExportTag":"Q6","QuestionType":"DB","Selector":"TB","Configuration":{"QuestionDescriptionOption":"UseText"},"QuestionDescription":"By answering the following questions, you are participating in a study being performed by cogniti...","ChoiceOrder":[],"Validation":{"Settings":{"Type":"None"}},"GradingData":[],"Language":[],"NextChoiceId":4,"NextAnswerId":1,"QuestionID":"QID6"}},{"SurveyID":"SV_8B15MeMeEMk1zHE","Element":"RS","PrimaryAttribute":"RS_byeSQVtuH8CU8Zg","SecondaryAttribute":"Default Response Set","TertiaryAttribute":null,"Payload":null},{"SurveyID":"SV_8B15MeMeEMk1zHE","Element":"SQ","PrimaryAttribute":"QID7","SecondaryAttribute":"Instructions:\u00a0Please indicate whether you're familiar with the following games or reasoning probl..","TertiaryAttribute":null,"Payload":{"QuestionText":"<strong>Instructions:&nbsp;<\/strong>Please indicate whether you're familiar with the following games or reasoning problems. Please answer with 'yes' if you have <u>heard or read<\/u> about the game or reasoning problem before (e.g., in a lecture, in a newspaper, or online), or if you have <u>played<\/u> it or <u>thought through<\/u> it before.<br>\n<br>\n<strong>Important:&nbsp;<\/strong>Your compensation for completing this pre-screening questionnaire is completely unaffected by how you answer these questions.&nbsp;Please don't look up these games and reasoning problems online while filling out this questionnaire, or before you have participated in the follow-up experiment. Your compensation for participating in the follow-up experiment is likewise unaffected by the answers you provide during that experiment.","DefaultChoices":false,"DataExportTag":"Q7","QuestionType":"DB","Selector":"TB","Configuration":{"QuestionDescriptionOption":"UseText"},"QuestionDescription":"Instructions:\u00a0Please indicate whether you're familiar with the following games or reasoning probl...","ChoiceOrder":[],"Validation":{"Settings":{"Type":"None"}},"GradingData":[],"Language":[],"NextChoiceId":4,"NextAnswerId":1,"QuestionID":"QID7","DataVisibility":{"Private":false,"Hidden":false}}},{"SurveyID":"SV_8B15MeMeEMk1zHE","Element":"SQ","PrimaryAttribute":"QID9","SecondaryAttribute":"Thank you for participating in this pre-screening study. If you qualify for the follow-up experim...","TertiaryAttribute":null,"Payload":{"QuestionText":"Thank you for participating in this pre-screening study.<br><br>If you qualify for the follow-up experiment, we will reach out to you on Prolific within the next 48 hours.<br><br>On the next page, you will be re-directed automatically to Prolific.<br>","DefaultChoices":false,"DataExportTag":"Q9","QuestionType":"DB","Selector":"TB","Configuration":{"QuestionDescriptionOption":"UseText"},"QuestionDescription":"Thank you for participating in this pre-screening study. If you qualify for the follow-up experim...","ChoiceOrder":[],"Validation":{"Settings":{"Type":"None"}},"GradingData":[],"Language":[],"NextChoiceId":4,"NextAnswerId":1,"QuestionID":"QID9"}},{"SurveyID":"SV_8B15MeMeEMk1zHE","Element":"SQ","PrimaryAttribute":"QID8","SecondaryAttribute":"What is your Prolific ID? Please note that this response should auto-fill with the correct ID.","TertiaryAttribute":null,"Payload":{"QuestionText":"What is your Prolific ID?<br \/>\n<em>Please note that this response should auto-fill with the correct ID.<\/em>","DefaultChoices":{"TEXT":{"Text":"${e:\/\/Field\/PROLIFIC_PID}"}},"DataExportTag":"Q8","QuestionType":"TE","Selector":"SL","Configuration":{"QuestionDescriptionOption":"UseText"},"QuestionDescription":"What is your Prolific ID? Please note that this response should auto-fill with the correct ID.","Validation":{"Settings":{"ForceResponse":"ON","ForceResponseType":"ON","Type":"MinChar","MinChars":"24"}},"GradingData":[],"Language":[],"NextChoiceId":4,"NextAnswerId":1,"SearchSource":{"AllowFreeResponse":"false"},"QuestionID":"QID8","DataVisibility":{"Private":false,"Hidden":false}}}]}