{"SurveyEntry":{"SurveyID":"SV_0Cen2dll1P1xFKC","SurveyName":"Replication Project of Krauss & Wang (2003)","SurveyDescription":null,"SurveyOwnerID":"UR_dfXAVvK6bWIX8HQ","SurveyBrandID":"stanforduniversity","DivisionID":null,"SurveyLanguage":"EN","SurveyActiveResponseSet":"RS_cZlqQwBjP8u86yy","SurveyStatus":"Inactive","SurveyStartDate":"0000-00-00 00:00:00","SurveyExpirationDate":"0000-00-00 00:00:00","SurveyCreationDate":"2023-10-24 17:54:23","CreatorID":"UR_dfXAVvK6bWIX8HQ","LastModified":"2024-03-25 17:16:25","LastAccessed":"0000-00-00 00:00:00","LastActivated":"2023-10-27 11:52:39","Deleted":null},"SurveyElements":[{"SurveyID":"SV_0Cen2dll1P1xFKC","Element":"BL","PrimaryAttribute":"Survey Blocks","SecondaryAttribute":null,"TertiaryAttribute":null,"Payload":{"0":{"Type":"Default","Description":"Control condition","ID":"BL_cTmJKieFYNnekND","BlockElements":[{"Type":"Question","QuestionID":"QID19"},{"Type":"Question","QuestionID":"QID20"},{"Type":"Question","QuestionID":"QID44"}],"Options":{"BlockLocking":"false","RandomizeQuestions":"false","BlockVisibility":"Expanded"}},"1":{"Type":"Trash","Description":"Trash \/ Unused Questions","ID":"BL_a5ylIgfwJfagzf7","BlockElements":[{"Type":"Question","QuestionID":"QID36"},{"Type":"Question","QuestionID":"QID31"},{"Type":"Question","QuestionID":"QID2"},{"Type":"Question","QuestionID":"QID4"},{"Type":"Question","QuestionID":"QID3"},{"Type":"Question","QuestionID":"QID1"},{"Type":"Question","QuestionID":"QID5"},{"Type":"Question","QuestionID":"QID8"},{"Type":"Question","QuestionID":"QID13"},{"Type":"Question","QuestionID":"QID17"},{"Type":"Question","QuestionID":"QID12"},{"Type":"Question","QuestionID":"QID21"},{"Type":"Question","QuestionID":"QID22"},{"Type":"Question","QuestionID":"QID23"},{"Type":"Question","QuestionID":"QID24"},{"Type":"Question","QuestionID":"QID25"},{"Type":"Question","QuestionID":"QID27"},{"Type":"Question","QuestionID":"QID11"},{"Type":"Question","QuestionID":"QID26"},{"Type":"Question","QuestionID":"QID16"},{"Type":"Question","QuestionID":"QID18"},{"Type":"Question","QuestionID":"QID29"},{"Type":"Question","QuestionID":"QID30"},{"Type":"Question","QuestionID":"QID35"},{"Type":"Question","QuestionID":"QID34"},{"Type":"Question","QuestionID":"QID38"},{"Type":"Question","QuestionID":"QID37"},{"Type":"Question","QuestionID":"QID32"},{"Type":"Question","QuestionID":"QID28"}]},"2":{"Type":"Standard","SubType":"","Description":"Experimental condition","ID":"BL_3CMwiOnRKssD8vb","Options":{"BlockLocking":"false","RandomizeQuestions":"false","BlockVisibility":"Expanded"},"BlockElements":[{"Type":"Question","QuestionID":"QID6"},{"Type":"Question","QuestionID":"QID39"},{"Type":"Question","QuestionID":"QID7"},{"Type":"Question","QuestionID":"QID9"},{"Type":"Question","QuestionID":"QID10"},{"Type":"Question","QuestionID":"QID45"}]},"3":{"Type":"Standard","SubType":"","Description":"Final questions","ID":"BL_6QEpyJdpQOy1d0F","BlockElements":[{"Type":"Question","QuestionID":"QID40"},{"Type":"Question","QuestionID":"QID14"},{"Type":"Question","QuestionID":"QID15"},{"Type":"Question","QuestionID":"QID43"}]},"4":{"Type":"Standard","SubType":"","Description":"Consent Form","ID":"BL_d3Wj981OzQnCUux","BlockElements":[{"Type":"Question","QuestionID":"QID33"},{"Type":"Question","QuestionID":"QID46"}]},"6":{"Type":"Standard","SubType":"","Description":"Block 5","ID":"BL_eQmubSBLFZvM3Ea","BlockElements":[{"Type":"Question","QuestionID":"QID41"},{"Type":"Question","QuestionID":"QID42"}]},"7":{"Type":"Standard","SubType":"","Description":"Prolific ID","ID":"BL_6XzEiwm1iV3ugoC","BlockElements":[{"Type":"Question","QuestionID":"QID47"}]},"8":{"Type":"Standard","SubType":"","Description":"End of survey","ID":"BL_6hxtC5GscN01Com","BlockElements":[{"Type":"Question","QuestionID":"QID48"}]}}},{"SurveyID":"SV_0Cen2dll1P1xFKC","Element":"FL","PrimaryAttribute":"Survey Flow","SecondaryAttribute":null,"TertiaryAttribute":null,"Payload":{"Type":"Root","FlowID":"FL_1","Flow":[{"Type":"EmbeddedData","FlowID":"FL_22","EmbeddedData":[{"Description":"PROLIFIC_PID","Type":"Recipient","Field":"PROLIFIC_PID","VariableType":"String","DataVisibility":[],"AnalyzeText":false},{"Description":"STUDY_ID","Type":"Recipient","Field":"STUDY_ID","VariableType":"String","DataVisibility":[],"AnalyzeText":false},{"Description":"SESSION_ID","Type":"Recipient","Field":"SESSION_ID","VariableType":"String","DataVisibility":[],"AnalyzeText":false}]},{"Type":"Standard","ID":"BL_d3Wj981OzQnCUux","FlowID":"FL_15","Autofill":[]},{"Type":"Branch","FlowID":"FL_19","Description":"New Branch","BranchLogic":{"0":{"0":{"LogicType":"Question","QuestionID":"QID46","QuestionIsInLoop":"no","ChoiceLocator":"q:\/\/QID46\/SelectableChoice\/1","Operator":"NotSelected","QuestionIDFromLocator":"QID46","LeftOperand":"q:\/\/QID46\/SelectableChoice\/1","Type":"Expression","Description":"<span class=\"ConjDesc\">If<\/span> <span class=\"QuestionDesc\">Do you consent to participating in this study?<\/span> <span class=\"LeftOpDesc\">Yes<\/span> <span class=\"OpDesc\">Is Not Selected<\/span> "},"Type":"If"},"Type":"BooleanExpression"},"Flow":[{"Type":"EndSurvey","FlowID":"FL_20","EndingType":"Advanced","Options":{"Advanced":"true","SurveyTermination":"DisplayMessage","EOSMessageLibrary":"UR_dfXAVvK6bWIX8HQ","EOSMessage":"MS_dbyVtcst3zfP2Wa"}}]},{"Type":"Standard","ID":"BL_6XzEiwm1iV3ugoC","FlowID":"FL_21","Autofill":[]},{"Type":"Standard","ID":"BL_eQmubSBLFZvM3Ea","FlowID":"FL_17","Autofill":[]},{"Type":"Branch","FlowID":"FL_18","Description":"New Branch","BranchLogic":{"0":{"0":{"LogicType":"Question","QuestionID":"QID42","QuestionIsInLoop":"no","ChoiceLocator":"q:\/\/QID42\/SelectableChoice\/1","Operator":"Selected","QuestionIDFromLocator":"QID42","LeftOperand":"q:\/\/QID42\/SelectableChoice\/1","Type":"Expression","Description":"<span class=\"ConjDesc\">If<\/span> <span class=\"QuestionDesc\">Are you ready to continue?<\/span> <span class=\"LeftOpDesc\">I have the materials required for this task in front of me and am ready to continue.<\/span> <span class=\"OpDesc\">Is Selected<\/span> "},"Type":"If"},"Type":"BooleanExpression"},"Flow":[{"Type":"BlockRandomizer","FlowID":"FL_3","SubSet":1,"EvenPresentation":true,"Flow":[{"Type":"Standard","ID":"BL_3CMwiOnRKssD8vb","FlowID":"FL_7","Autofill":[]},{"Type":"Block","ID":"BL_cTmJKieFYNnekND","FlowID":"FL_5","Autofill":[]}]},{"Type":"Block","ID":"BL_6QEpyJdpQOy1d0F","FlowID":"FL_9","Autofill":[]},{"Type":"Standard","ID":"BL_6hxtC5GscN01Com","FlowID":"FL_23","Autofill":[]},{"Type":"Standard","ID":"BL_1CaIUcHFzxhDQkB","FlowID":"FL_16","Autofill":[]}]},{"Type":"EndSurvey","FlowID":"FL_10"}],"Properties":{"Count":23,"RemovedFieldsets":[]}}},{"SurveyID":"SV_0Cen2dll1P1xFKC","Element":"PL","PrimaryAttribute":"Preview Link","SecondaryAttribute":null,"TertiaryAttribute":null,"Payload":{"PreviewType":"Brand","PreviewID":"37f9686a-e503-47fb-8f8d-9ecfc748361a"}},{"SurveyID":"SV_0Cen2dll1P1xFKC","Element":"RS","PrimaryAttribute":"RS_cZlqQwBjP8u86yy","SecondaryAttribute":null,"TertiaryAttribute":null,"Payload":null},{"SurveyID":"SV_0Cen2dll1P1xFKC","Element":"SO","PrimaryAttribute":"Survey Options","SecondaryAttribute":null,"TertiaryAttribute":null,"Payload":{"BackButton":"true","SaveAndContinue":"true","SurveyProtection":"PublicSurvey","BallotBoxStuffingPrevention":"false","NoIndex":"Yes","SecureResponseFiles":"true","SurveyExpiration":null,"SurveyTermination":"Redirect","Header":"","Footer":"","ProgressBarDisplay":"None","PartialData":"+1 week","ValidationMessage":null,"PreviousButton":"","NextButton":"","SkinLibrary":"stanforduniversity","SkinType":"component","Skin":{"brandingId":"2357677886","templateId":"*simple","overrides":null},"NewScoring":1,"EOSMessage":"MS_5tkrxzgTcXjLGo6","ShowExportTags":"false","CollectGeoLocation":"false","SurveyTitle":"Online Survey Software | Qualtrics Survey Solutions","SurveyMetaDescription":"Qualtrics sophisticated online survey software solutions make creating online surveys easy. Learn more about Research Suite and get a free account today.","PasswordProtection":"No","AnonymizeResponse":"No","Password":"","RefererCheck":"No","RefererURL":"http:\/\/","RecaptchaV3":"false","RelevantID":"false","ResponseSummary":"No","EOSMessageLibrary":"UR_dfXAVvK6bWIX8HQ","EOSRedirectURL":"https:\/\/app.prolific.com\/submissions\/complete?cc=CKGMI8K7","EmailThankYou":"false","ThankYouEmailMessageLibrary":null,"ThankYouEmailMessage":null,"ValidateMessage":"false","ValidationMessageLibrary":null,"InactiveSurvey":"DefaultMessage","PartialDataCloseAfter":"LastActivity","ActiveResponseSet":null,"InactiveMessageLibrary":"","InactiveMessage":"","AvailableLanguages":{"EN":[]},"ProtectSelectionIds":true,"CustomStyles":{"customCSS":"body {\n-webkit-touch-callout: none; \n-webkit-user-select: none;\n-khtml-user-select: none;\n-moz-user-select: none; \n-ms-user-select: none;\nuser-select: none; \n}"},"BallotBoxStuffingPreventionBehavior":null,"BallotBoxStuffingPreventionMessage":null,"BallotBoxStuffingPreventionMessageLibrary":null,"BallotBoxStuffingPreventionURL":null,"ConfirmStart":false,"AutoConfirmStart":false,"RelevantIDLockoutPeriod":"+30 days","UseCustomSurveyLinkCompletedMessage":null,"SurveyLinkCompletedMessage":null,"SurveyLinkCompletedMessageLibrary":null,"PartialDeletion":null,"SurveyName":"Replication Project of Krauss & Wang (2003)"}},{"SurveyID":"SV_0Cen2dll1P1xFKC","Element":"SCO","PrimaryAttribute":"Scoring","SecondaryAttribute":null,"TertiaryAttribute":null,"Payload":{"ScoringCategories":[],"ScoringCategoryGroups":[],"ScoringSummaryCategory":null,"ScoringSummaryAfterQuestions":0,"ScoringSummaryAfterSurvey":0,"DefaultScoringCategory":null,"AutoScoringCategory":null}},{"SurveyID":"SV_0Cen2dll1P1xFKC","Element":"PROJ","PrimaryAttribute":"CORE","SecondaryAttribute":null,"TertiaryAttribute":"1.1.0","Payload":{"ProjectCategory":"CORE","SchemaVersion":"1.1.0"}},{"SurveyID":"SV_0Cen2dll1P1xFKC","Element":"STAT","PrimaryAttribute":"Survey Statistics","SecondaryAttribute":null,"TertiaryAttribute":null,"Payload":{"MobileCompatible":true,"ID":"Survey Statistics"}},{"SurveyID":"SV_0Cen2dll1P1xFKC","Element":"SQ","PrimaryAttribute":"QID8","SecondaryAttribute":"- if she\/he switches to the last remaining door? ","TertiaryAttribute":null,"Payload":{"QuestionText":"- if she\/he switches to the last remaining door?&nbsp;&nbsp;","DataExportTag":"Q8","QuestionType":"MC","Selector":"SAVR","SubSelector":"TX","Configuration":{"QuestionDescriptionOption":"UseText"},"QuestionDescription":"- if she\/he switches to the last remaining door? ","Choices":{"1":{"Display":"Click to write Choice 1"},"2":{"Display":"Click to write Choice 2"},"3":{"Display":"Click to write Choice 3"}},"ChoiceOrder":["1","2","3"],"Validation":{"Settings":{"ForceResponse":"OFF","ForceResponseType":"ON","Type":"None"}},"Language":[],"NextChoiceId":4,"NextAnswerId":1,"QuestionID":"QID8"}},{"SurveyID":"SV_0Cen2dll1P1xFKC","Element":"SQ","PrimaryAttribute":"QID7","SecondaryAttribute":"... if the contestant sticks with the first choice (door 1)? In ____ out of 3 cases (Fill in the...","TertiaryAttribute":null,"Payload":{"QuestionText":"... if the contestant sticks with the first choice (door 1)?&nbsp; In ____ out of 3 cases (Fill in the blank below)","DefaultChoices":false,"DataExportTag":"Q7","QuestionType":"TE","Selector":"SL","Configuration":{"QuestionDescriptionOption":"UseText","AllowFreeResponse":"false"},"QuestionDescription":"... if the contestant sticks with the first choice (door 1)? In ____ out of 3 cases (Fill in the...","Validation":{"Settings":{"ForceResponse":"ON","ForceResponseType":"ON","Type":"None"}},"GradingData":[],"Language":[],"NextChoiceId":4,"NextAnswerId":1,"QuestionID":"QID7","DataVisibility":{"Private":false,"Hidden":false},"SearchSource":{"AllowFreeResponse":"false"}}},{"SurveyID":"SV_0Cen2dll1P1xFKC","Element":"SQ","PrimaryAttribute":"QID9","SecondaryAttribute":"... if the contestant switches to the last remaining door? In ____ out of 3 cases (Fill in the bl...","TertiaryAttribute":null,"Payload":{"QuestionText":"... if the contestant switches to the last remaining door?&nbsp; In ____ out of 3 cases (Fill in the blank below)","DefaultChoices":false,"DataExportTag":"Q9","QuestionType":"TE","Selector":"SL","Configuration":{"QuestionDescriptionOption":"UseText","AllowFreeResponse":"false"},"QuestionDescription":"... if the contestant switches to the last remaining door? In ____ out of 3 cases (Fill in the bl...","Validation":{"Settings":{"ForceResponse":"ON","ForceResponseType":"ON","Type":"None"}},"GradingData":[],"Language":[],"NextChoiceId":4,"NextAnswerId":1,"QuestionID":"QID9","DataVisibility":{"Private":false,"Hidden":false},"SearchSource":{"AllowFreeResponse":"false"}}},{"SurveyID":"SV_0Cen2dll1P1xFKC","Element":"QC","PrimaryAttribute":"Survey Question Count","SecondaryAttribute":"48","TertiaryAttribute":null,"Payload":null},{"SurveyID":"SV_0Cen2dll1P1xFKC","Element":"SQ","PrimaryAttribute":"QID20","SecondaryAttribute":"After Maeve has opened a door with nothing behind it what should you do?","TertiaryAttribute":null,"Payload":{"QuestionText":"After Maeve has opened a door with nothing behind it what should you do?","DefaultChoices":false,"DataExportTag":"Q20","QuestionType":"MC","Selector":"SAVR","SubSelector":"TX","Configuration":{"QuestionDescriptionOption":"UseText"},"QuestionDescription":"After Maeve has opened a door with nothing behind it what should you do?","Choices":{"1":{"Display":"stick with your first choice (door 1)"},"2":{"Display":"switch to door 2"}},"ChoiceOrder":[1,2],"Validation":{"Settings":{"ForceResponse":"ON","ForceResponseType":"ON","Type":"None"}},"GradingData":[],"Language":[],"NextChoiceId":3,"NextAnswerId":1,"QuestionID":"QID20","Randomization":{"Advanced":null,"TotalRandSubset":"","Type":"All"},"DataVisibility":{"Private":false,"Hidden":false}}},{"SurveyID":"SV_0Cen2dll1P1xFKC","Element":"SQ","PrimaryAttribute":"QID42","SecondaryAttribute":"Are you ready to continue?","TertiaryAttribute":null,"Payload":{"QuestionText":"Are you ready to continue?","DefaultChoices":false,"DataExportTag":"Q42","QuestionType":"MC","Selector":"SAVR","Configuration":{"QuestionDescriptionOption":"UseText"},"QuestionDescription":"Are you ready to continue?","Choices":{"1":{"Display":"I have the materials required for this task in front of me and am ready to continue."}},"ChoiceOrder":["1"],"Validation":{"Settings":{"ForceResponse":"ON","ForceResponseType":"ON","Type":"None"}},"GradingData":[],"Language":[],"NextChoiceId":4,"NextAnswerId":1,"QuestionID":"QID42","SubSelector":"TX"}},{"SurveyID":"SV_0Cen2dll1P1xFKC","Element":"SQ","PrimaryAttribute":"QID41","SecondaryAttribute":"Before you continue To participate in this study, you need the following materials: Either A shee...","TertiaryAttribute":null,"Payload":{"QuestionText":"<strong><u>Before you continue<\/u><br>\n<br>\nTo participate in this study, you need the following materials:<\/strong><br>\n<br>\n<em>Either<\/em>\n<ul>\n\t<li>A sheet of paper and a pen for taking notes and creating sketches, and<\/li>\n\t<li>A camera&nbsp;or scanner, to upload a photo or scan of your handwritten notes at the end of this task (a smartphone&nbsp;or laptop camera is fine)<\/li>\n<\/ul>\n<em>or<\/em>&nbsp;\n\n<ul>\n\t<li>The ability to take handwritten notes and create sketches on your tablet or computer, as well as the ability to export and upload these notes&nbsp;at the end of this task.<\/li>\n<\/ul>\n<br>\n<strong>Instructions:<\/strong><br>\n<br>\nYou will read a short scenario and be asked to make a decision about it. We are interested in the reasoning you go through in making that decision. So, after you have made your decision, <u>we will ask you to upload a photo\/scan\/pdf of your handwritten notes in which you explain how you arrived at your decision<\/u>. You may use sketches to explain your answer.<br>\n<br>\n<strong>Important:<\/strong><br>\n<br>\nPlease do not look up information about the scenario online or use artificial intelligence. We are interested solely in <em>your <\/em>reasoning about the scenario presented here, and you will be compensated for your participation regardless of the decision you make.","DefaultChoices":false,"DataExportTag":"Q41","QuestionType":"DB","Selector":"TB","Configuration":{"QuestionDescriptionOption":"UseText"},"QuestionDescription":"Before you continue To participate in this study, you need the following materials: Either A shee...","ChoiceOrder":[],"Validation":{"Settings":{"Type":"None"}},"GradingData":[],"Language":[],"NextChoiceId":4,"NextAnswerId":1,"QuestionID":"QID41","DataVisibility":{"Private":false,"Hidden":false}}},{"SurveyID":"SV_0Cen2dll1P1xFKC","Element":"SQ","PrimaryAttribute":"QID1","SecondaryAttribute":"Click to write the question text","TertiaryAttribute":null,"Payload":{"QuestionText":"Click to write the question text","DataExportTag":"Q1","QuestionType":"MC","Selector":"SAVR","SubSelector":"TX","Configuration":{"QuestionDescriptionOption":"UseText"},"QuestionDescription":"Click to write the question text","Choices":{"1":{"Display":"Click to write Choice 1"},"2":{"Display":"Click to write Choice 2"},"3":{"Display":"Click to write Choice 3"}},"ChoiceOrder":["1","2","3"],"Validation":{"Settings":{"ForceResponse":"OFF","ForceResponseType":"ON","Type":"None"}},"Language":[],"NextChoiceId":4,"NextAnswerId":1,"QuestionID":"QID1"}},{"SurveyID":"SV_0Cen2dll1P1xFKC","Element":"SQ","PrimaryAttribute":"QID2","SecondaryAttribute":"Click to write the question text","TertiaryAttribute":null,"Payload":{"QuestionText":"Click to write the question text","DataExportTag":"Q2","QuestionType":"MC","Selector":"SAVR","SubSelector":"TX","Configuration":{"QuestionDescriptionOption":"UseText"},"QuestionDescription":"Click to write the question text","Choices":{"1":{"Display":"Click to write Choice 1"},"2":{"Display":"Click to write Choice 2"},"3":{"Display":"Click to write Choice 3"}},"ChoiceOrder":["1","2","3"],"Validation":{"Settings":{"ForceResponse":"OFF","ForceResponseType":"ON","Type":"None"}},"Language":[],"NextChoiceId":4,"NextAnswerId":1,"QuestionID":"QID2"}},{"SurveyID":"SV_0Cen2dll1P1xFKC","Element":"SQ","PrimaryAttribute":"QID3","SecondaryAttribute":"Click to write the question text","TertiaryAttribute":null,"Payload":{"QuestionText":"Click to write the question text","DefaultChoices":false,"DataExportTag":"Q3","QuestionType":"TE","Selector":"SL","Configuration":{"QuestionDescriptionOption":"UseText","AllowFreeResponse":"false"},"QuestionDescription":"Click to write the question text","Validation":{"Settings":{"ForceResponse":"OFF","ForceResponseType":"ON","Type":"None"}},"GradingData":[],"Language":[],"NextChoiceId":4,"NextAnswerId":1,"QuestionID":"QID3"}},{"SurveyID":"SV_0Cen2dll1P1xFKC","Element":"SQ","PrimaryAttribute":"QID4","SecondaryAttribute":"Click to write the question text","TertiaryAttribute":null,"Payload":{"QuestionText":"Click to write the question text","DataExportTag":"Q4","QuestionType":"MC","Selector":"SAVR","SubSelector":"TX","Configuration":{"QuestionDescriptionOption":"UseText"},"QuestionDescription":"Click to write the question text","Choices":{"1":{"Display":"Click to write Choice 1"},"2":{"Display":"Click to write Choice 2"},"3":{"Display":"Click to write Choice 3"}},"ChoiceOrder":["1","2","3"],"Validation":{"Settings":{"ForceResponse":"OFF","ForceResponseType":"ON","Type":"None"}},"Language":[],"NextChoiceId":4,"NextAnswerId":1,"QuestionID":"QID4"}},{"SurveyID":"SV_0Cen2dll1P1xFKC","Element":"SQ","PrimaryAttribute":"QID5","SecondaryAttribute":"Click to write the question text","TertiaryAttribute":null,"Payload":{"QuestionText":"Click to write the question text","DataExportTag":"Q5","QuestionType":"MC","Selector":"SAVR","SubSelector":"TX","Configuration":{"QuestionDescriptionOption":"UseText"},"QuestionDescription":"Click to write the question text","Choices":{"1":{"Display":"Click to write Choice 1"},"2":{"Display":"Click to write Choice 2"},"3":{"Display":"Click to write Choice 3"}},"ChoiceOrder":["1","2","3"],"Validation":{"Settings":{"ForceResponse":"OFF","ForceResponseType":"ON","Type":"None"}},"Language":[],"NextChoiceId":4,"NextAnswerId":1,"QuestionID":"QID5"}},{"SurveyID":"SV_0Cen2dll1P1xFKC","Element":"SQ","PrimaryAttribute":"QID12","SecondaryAttribute":"Click to write the question text","TertiaryAttribute":null,"Payload":{"QuestionText":"Click to write the question text","DefaultChoices":false,"DataExportTag":"Q12","QuestionType":"TE","Selector":"ESTB","Configuration":{"QuestionDescriptionOption":"UseText","AllowFreeResponse":"false"},"QuestionDescription":"Click to write the question text","Validation":{"Settings":{"ForceResponse":"OFF","ForceResponseType":"ON","Type":"None"}},"GradingData":[],"Language":[],"NextChoiceId":4,"NextAnswerId":1,"QuestionID":"QID12"}},{"SurveyID":"SV_0Cen2dll1P1xFKC","Element":"SQ","PrimaryAttribute":"QID17","SecondaryAttribute":"Click to write the question text","TertiaryAttribute":null,"Payload":{"QuestionText":"Click to write the question text","DataExportTag":"Q17","QuestionType":"MC","Selector":"SAVR","SubSelector":"TX","Configuration":{"QuestionDescriptionOption":"UseText"},"QuestionDescription":"Click to write the question text","Choices":{"1":{"Display":"Click to write Choice 1"},"2":{"Display":"Click to write Choice 2"},"3":{"Display":"Click to write Choice 3"}},"ChoiceOrder":["1","2","3"],"Validation":{"Settings":{"ForceResponse":"OFF","ForceResponseType":"ON","Type":"None"}},"Language":[],"NextChoiceId":4,"NextAnswerId":1,"QuestionID":"QID17"}},{"SurveyID":"SV_0Cen2dll1P1xFKC","Element":"SQ","PrimaryAttribute":"QID21","SecondaryAttribute":"Click to write the question text","TertiaryAttribute":null,"Payload":{"QuestionText":"Click to write the question text","DefaultChoices":false,"DataExportTag":"Q21","QuestionType":"TE","Selector":"SL","Configuration":{"QuestionDescriptionOption":"UseText","AllowFreeResponse":"false"},"QuestionDescription":"Click to write the question text","Validation":{"Settings":{"ForceResponse":"OFF","ForceResponseType":"ON","Type":"None"}},"GradingData":[],"Language":[],"NextChoiceId":4,"NextAnswerId":1,"QuestionID":"QID21"}},{"SurveyID":"SV_0Cen2dll1P1xFKC","Element":"SQ","PrimaryAttribute":"QID22","SecondaryAttribute":"Click to write the question text","TertiaryAttribute":null,"Payload":{"QuestionText":"Click to write the question text","DefaultChoices":false,"DataExportTag":"Q22","QuestionType":"TE","Selector":"FORM","Configuration":{"QuestionDescriptionOption":"UseText","AllowFreeResponse":"false"},"QuestionDescription":"Click to write the question text","Choices":{"1":{"Display":"Click to write Choice 1"},"2":{"Display":"Click to write Choice 2"},"3":{"Display":"Click to write Choice 3"}},"ChoiceOrder":["1","2","3"],"Validation":{"Settings":{"ForceResponse":"OFF","ForceResponseType":"ON","Type":null}},"GradingData":[],"Language":[],"NextChoiceId":4,"NextAnswerId":1,"QuestionID":"QID22"}},{"SurveyID":"SV_0Cen2dll1P1xFKC","Element":"SQ","PrimaryAttribute":"QID25","SecondaryAttribute":"Click to write the question text","TertiaryAttribute":null,"Payload":{"QuestionText":"Click to write the question text","DataExportTag":"Q25","QuestionType":"MC","Selector":"SAVR","SubSelector":"TX","Configuration":{"QuestionDescriptionOption":"UseText"},"QuestionDescription":"Click to write the question text","Choices":{"1":{"Display":"Click to write Choice 1"},"2":{"Display":"Click to write Choice 2"},"3":{"Display":"Click to write Choice 3"}},"ChoiceOrder":["1","2","3"],"Validation":{"Settings":{"ForceResponse":"OFF","ForceResponseType":"ON","Type":"None"}},"Language":[],"NextChoiceId":4,"NextAnswerId":1,"QuestionID":"QID25"}},{"SurveyID":"SV_0Cen2dll1P1xFKC","Element":"SQ","PrimaryAttribute":"QID27","SecondaryAttribute":"Click to write the question text","TertiaryAttribute":null,"Payload":{"QuestionText":"Click to write the question text","DataExportTag":"Q27","QuestionType":"MC","Selector":"SAVR","SubSelector":"TX","Configuration":{"QuestionDescriptionOption":"UseText"},"QuestionDescription":"Click to write the question text","Choices":{"1":{"Display":"Click to write Choice 1"},"2":{"Display":"Click to write Choice 2"},"3":{"Display":"Click to write Choice 3"}},"ChoiceOrder":["1","2","3"],"Validation":{"Settings":{"ForceResponse":"OFF","ForceResponseType":"ON","Type":"None"}},"Language":[],"NextChoiceId":4,"NextAnswerId":1,"QuestionID":"QID27"}},{"SurveyID":"SV_0Cen2dll1P1xFKC","Element":"SQ","PrimaryAttribute":"QID30","SecondaryAttribute":"Click to write the question text","TertiaryAttribute":null,"Payload":{"QuestionText":"Click to write the question text","DataExportTag":"Q30","QuestionType":"MC","Selector":"SAVR","SubSelector":"TX","Configuration":{"QuestionDescriptionOption":"UseText"},"QuestionDescription":"Click to write the question text","Choices":{"1":{"Display":"Click to write Choice 1"},"2":{"Display":"Click to write Choice 2"},"3":{"Display":"Click to write Choice 3"}},"ChoiceOrder":["1","2","3"],"Validation":{"Settings":{"ForceResponse":"OFF","ForceResponseType":"ON","Type":"None"}},"Language":[],"NextChoiceId":4,"NextAnswerId":1,"QuestionID":"QID30"}},{"SurveyID":"SV_0Cen2dll1P1xFKC","Element":"SQ","PrimaryAttribute":"QID34","SecondaryAttribute":"Click to write the question text","TertiaryAttribute":null,"Payload":{"QuestionText":"Click to write the question text","DataExportTag":"Q34","QuestionType":"MC","Selector":"SAVR","SubSelector":"TX","Configuration":{"QuestionDescriptionOption":"UseText"},"QuestionDescription":"Click to write the question text","Choices":{"1":{"Display":"Click to write Choice 1"},"2":{"Display":"Click to write Choice 2"},"3":{"Display":"Click to write Choice 3"}},"ChoiceOrder":["1","2","3"],"Validation":{"Settings":{"ForceResponse":"OFF","ForceResponseType":"ON","Type":"None"}},"Language":[],"NextChoiceId":4,"NextAnswerId":1,"QuestionID":"QID34"}},{"SurveyID":"SV_0Cen2dll1P1xFKC","Element":"SQ","PrimaryAttribute":"QID35","SecondaryAttribute":"Click to write the question text","TertiaryAttribute":null,"Payload":{"QuestionText":"Click to write the question text","DataExportTag":"Q35","QuestionType":"MC","Selector":"SAVR","SubSelector":"TX","Configuration":{"QuestionDescriptionOption":"UseText"},"QuestionDescription":"Click to write the question text","Choices":{"1":{"Display":"Click to write Choice 1"},"2":{"Display":"Click to write Choice 2"},"3":{"Display":"Click to write Choice 3"}},"ChoiceOrder":["1","2","3"],"Validation":{"Settings":{"ForceResponse":"OFF","ForceResponseType":"ON","Type":"None"}},"Language":[],"NextChoiceId":4,"NextAnswerId":1,"QuestionID":"QID35"}},{"SurveyID":"SV_0Cen2dll1P1xFKC","Element":"SQ","PrimaryAttribute":"QID36","SecondaryAttribute":"Click to write the question text","TertiaryAttribute":null,"Payload":{"QuestionText":"Click to write the question text","DefaultChoices":false,"DataExportTag":"Q36","QuestionType":"DB","Selector":"TB","Configuration":{"QuestionDescriptionOption":"UseText"},"QuestionDescription":"Click to write the question text","ChoiceOrder":[],"Validation":{"Settings":{"Type":"None"}},"GradingData":[],"Language":[],"NextChoiceId":4,"NextAnswerId":1,"QuestionID":"QID36"}},{"SurveyID":"SV_0Cen2dll1P1xFKC","Element":"SQ","PrimaryAttribute":"QID37","SecondaryAttribute":"Click to write the question text","TertiaryAttribute":null,"Payload":{"QuestionText":"Click to write the question text","DefaultChoices":false,"DataExportTag":"Q37","QuestionType":"DB","Selector":"TB","Configuration":{"QuestionDescriptionOption":"UseText"},"QuestionDescription":"Click to write the question text","ChoiceOrder":[],"Validation":{"Settings":{"Type":"None"}},"GradingData":[],"Language":[],"NextChoiceId":4,"NextAnswerId":1,"QuestionID":"QID37"}},{"SurveyID":"SV_0Cen2dll1P1xFKC","Element":"SQ","PrimaryAttribute":"QID38","SecondaryAttribute":"Click to write the question text","TertiaryAttribute":null,"Payload":{"QuestionText":"Click to write the question text","DataExportTag":"Q38","QuestionType":"MC","Selector":"SAVR","SubSelector":"TX","Configuration":{"QuestionDescriptionOption":"UseText"},"QuestionDescription":"Click to write the question text","Choices":{"1":{"Display":"Click to write Choice 1"},"2":{"Display":"Click to write Choice 2"},"3":{"Display":"Click to write Choice 3"}},"ChoiceOrder":["1","2","3"],"Validation":{"Settings":{"ForceResponse":"OFF","ForceResponseType":"ON","Type":"None"}},"Language":[],"NextChoiceId":4,"NextAnswerId":1,"QuestionID":"QID38"}},{"SurveyID":"SV_0Cen2dll1P1xFKC","Element":"SQ","PrimaryAttribute":"QID33","SecondaryAttribute":"Consent form By answering the following questions, you are participating in a study being perform...","TertiaryAttribute":null,"Payload":{"QuestionText":"<strong>Consent form<\/strong><br \/>\n<br \/>\nBy answering the following questions, you are participating in a study being performed by cognitive scientists in the Stanford Department of Psychology. If you have questions about this research, please contact us at kemmann@stanford.edu. You must be at least 18 years old to participate. Your participation in this research is voluntary. You may decline to answer any or all of the following questions. You may decline further participation, at any time, without adverse consequences. Your anonymity is assured; the researchers who have requested your participation will not receive any personal information about you.\n<div>&nbsp;<\/div>","DefaultChoices":false,"DataExportTag":"Q33","QuestionType":"DB","Selector":"TB","Configuration":{"QuestionDescriptionOption":"UseText"},"QuestionDescription":"Consent form By answering the following questions, you are participating in a study being perform...","ChoiceOrder":[],"Validation":{"Settings":{"Type":"None"}},"GradingData":[],"Language":[],"NextChoiceId":4,"NextAnswerId":1,"QuestionID":"QID33","DataVisibility":{"Private":false,"Hidden":false}}},{"SurveyID":"SV_0Cen2dll1P1xFKC","Element":"SQ","PrimaryAttribute":"QID15","SecondaryAttribute":"Did you already know what the correct answer to the problem should be? Note: How you answer this...","TertiaryAttribute":null,"Payload":{"QuestionText":"Did you already know what the correct answer to the problem should be?<br \/>\n<em>Note: How you answer this question does not affect your compensation.<\/em>","DefaultChoices":false,"DataExportTag":"Q15","QuestionType":"MC","Selector":"SAVR","SubSelector":"TX","Configuration":{"QuestionDescriptionOption":"UseText"},"QuestionDescription":"Did you already know what the correct answer to the problem should be? Note: How you answer this...","Choices":{"1":{"Display":"I already knew what the correct answer should be"},"2":{"Display":"I did not already know what the correct answer should be"}},"ChoiceOrder":[1,2],"Validation":{"Settings":{"ForceResponse":"ON","ForceResponseType":"ON","Type":"None"}},"GradingData":[],"Language":[],"NextChoiceId":3,"NextAnswerId":1,"QuestionID":"QID15","DataVisibility":{"Private":false,"Hidden":false}}},{"SurveyID":"SV_0Cen2dll1P1xFKC","Element":"SQ","PrimaryAttribute":"QID43","SecondaryAttribute":"Did you arrive at the answer on your own? Note: How you answer this question does not affect your...","TertiaryAttribute":null,"Payload":{"QuestionText":"Did you arrive at the answer on your own?<br>\n<em>Note: How you answer this question does not affect your compensation.<\/em>","DefaultChoices":false,"DataExportTag":"Q43","QuestionType":"MC","Selector":"SAVR","SubSelector":"TX","DataVisibility":{"Private":false,"Hidden":false},"Configuration":{"QuestionDescriptionOption":"UseText"},"QuestionDescription":"Did you arrive at the answer on your own? Note: How you answer this question does not affect your...","Choices":{"1":{"Display":"I arrived at the answer on my own"},"2":{"Display":"I did not arrive at the answer on my own"}},"ChoiceOrder":[1,2],"Validation":{"Settings":{"ForceResponse":"ON","ForceResponseType":"ON","Type":"None"}},"GradingData":[],"Language":[],"NextChoiceId":3,"NextAnswerId":1,"QuestionID":"QID43"}},{"SurveyID":"SV_0Cen2dll1P1xFKC","Element":"SQ","PrimaryAttribute":"QID46","SecondaryAttribute":"Do you consent to participating in this study?","TertiaryAttribute":null,"Payload":{"QuestionText":"Do you consent to participating in this study?","DefaultChoices":false,"DataExportTag":"Consent question","QuestionType":"MC","Selector":"SAVR","SubSelector":"TX","Configuration":{"QuestionDescriptionOption":"UseText"},"QuestionDescription":"Do you consent to participating in this study?","Choices":{"1":{"Display":"Yes"},"2":{"Display":"No"}},"ChoiceOrder":["1","2"],"Validation":{"Settings":{"ForceResponse":"OFF","Type":"None"}},"GradingData":[],"Language":[],"NextChoiceId":4,"NextAnswerId":1,"QuestionID":"QID46"}},{"SurveyID":"SV_0Cen2dll1P1xFKC","Element":"SQ","PrimaryAttribute":"QID18","SecondaryAttribute":"Do you have any comments about this survey or about how to improve it?","TertiaryAttribute":null,"Payload":{"QuestionText":"Do you have any comments about this survey or about how to improve it?","DefaultChoices":false,"DataExportTag":"Q18","QuestionType":"TE","Selector":"SL","Configuration":{"QuestionDescriptionOption":"UseText","AllowFreeResponse":"false"},"QuestionDescription":"Do you have any comments about this survey or about how to improve it?","Validation":{"Settings":{"ForceResponse":"ON","ForceResponseType":"ON","Type":"None"}},"GradingData":[],"Language":[],"NextChoiceId":4,"NextAnswerId":1,"QuestionID":"QID18","DataVisibility":{"Private":false,"Hidden":false}}},{"SurveyID":"SV_0Cen2dll1P1xFKC","Element":"SQ","PrimaryAttribute":"QID23","SecondaryAttribute":"How many minutes did it take you to complete ","TertiaryAttribute":null,"Payload":{"QuestionText":"How many minutes did it take you to complete&nbsp;","DefaultChoices":false,"DataExportTag":"Q23","QuestionType":"TE","Selector":"SL","Configuration":{"QuestionDescriptionOption":"UseText","AllowFreeResponse":"false"},"QuestionDescription":"How many minutes did it take you to complete ","Validation":{"Settings":{"ForceResponse":"OFF","ForceResponseType":"ON","Type":"None"}},"GradingData":[],"Language":[],"NextChoiceId":4,"NextAnswerId":1,"QuestionID":"QID23"}},{"SurveyID":"SV_0Cen2dll1P1xFKC","Element":"SQ","PrimaryAttribute":"QID24","SecondaryAttribute":"How many minutes did it take you to complete all of the questions up until this point?","TertiaryAttribute":null,"Payload":{"QuestionText":"How many minutes did it take you to complete all of the questions up until this point?","DataExportTag":"Q24","QuestionType":"MC","Selector":"SAVR","SubSelector":"TX","Configuration":{"QuestionDescriptionOption":"UseText"},"QuestionDescription":"How many minutes did it take you to complete all of the questions up until this point?","Choices":{"1":{"Display":"Click to write Choice 1"},"2":{"Display":"Click to write Choice 2"},"3":{"Display":"Click to write Choice 3"}},"ChoiceOrder":["1","2","3"],"Validation":{"Settings":{"ForceResponse":"OFF","ForceResponseType":"ON","Type":"None"}},"Language":[],"NextChoiceId":4,"NextAnswerId":1,"QuestionID":"QID24"}},{"SurveyID":"SV_0Cen2dll1P1xFKC","Element":"SQ","PrimaryAttribute":"QID26","SecondaryAttribute":"How many minutes did it take you to complete this survey up until now?","TertiaryAttribute":null,"Payload":{"QuestionText":"How many minutes did it take you to complete this survey up until now?","DefaultChoices":false,"DataExportTag":"Q26","QuestionType":"TE","Selector":"SL","Configuration":{"QuestionDescriptionOption":"UseText","AllowFreeResponse":"false"},"QuestionDescription":"How many minutes did it take you to complete this survey up until now?","Validation":{"Settings":{"ForceResponse":"OFF","ForceResponseType":"ON","Type":"None"}},"GradingData":[],"Language":[],"NextChoiceId":4,"NextAnswerId":1,"QuestionID":"QID26","DataVisibility":{"Private":false,"Hidden":false}}},{"SurveyID":"SV_0Cen2dll1P1xFKC","Element":"SQ","PrimaryAttribute":"QID11","SecondaryAttribute":"Important \u00a0 \u00a0","TertiaryAttribute":null,"Payload":{"QuestionText":"<u>Important<\/u>\n\n<div>&nbsp;<\/div>\n\n<div>&nbsp;<\/div>","DefaultChoices":false,"DataExportTag":"Q11","QuestionType":"DB","Selector":"TB","Configuration":{"QuestionDescriptionOption":"UseText"},"QuestionDescription":"Important \u00a0 \u00a0","ChoiceOrder":[],"Validation":{"Settings":{"Type":"None"}},"GradingData":[],"Language":[],"NextChoiceId":4,"NextAnswerId":1,"QuestionID":"QID11"}},{"SurveyID":"SV_0Cen2dll1P1xFKC","Element":"SQ","PrimaryAttribute":"QID28","SecondaryAttribute":"Important Please tell us in writing the reasoning you used to arrive at your decision. Please be...","TertiaryAttribute":null,"Payload":{"QuestionText":"<u>Important<\/u><br>\nPlease tell us in writing the reasoning you used to arrive at your decision. Please be as detailed as possible. (Or upload a scan or photograph of your handwritten work below.)<br>","DefaultChoices":false,"DataExportTag":"Q28","QuestionType":"TE","Selector":"ML","Configuration":{"QuestionDescriptionOption":"UseText","AllowFreeResponse":"false","InputWidth":663,"InputHeight":176},"QuestionDescription":"Important Please tell us in writing the reasoning you used to arrive at your decision. Please be...","Validation":{"Settings":{"ForceResponse":"ON","ForceResponseType":"ON","Type":"None"}},"GradingData":[],"Language":[],"NextChoiceId":4,"NextAnswerId":1,"QuestionID":"QID28","DataVisibility":{"Private":false,"Hidden":false},"SearchSource":{"AllowFreeResponse":"false"}}},{"SurveyID":"SV_0Cen2dll1P1xFKC","Element":"SQ","PrimaryAttribute":"QID39","SecondaryAttribute":"In how many of these three possible arrangements would the contestant win the suitcase full of mo...","TertiaryAttribute":null,"Payload":{"QuestionText":"In how many of these three possible arrangements would the contestant win the suitcase full of money after you open a door with nothing behind it...","DefaultChoices":false,"DataExportTag":"Q39","QuestionID":"QID39","QuestionType":"DB","Selector":"TB","Configuration":{"QuestionDescriptionOption":"UseText"},"QuestionDescription":"In how many of these three possible arrangements would the contestant win the suitcase full of mo...","ChoiceOrder":[],"Validation":{"Settings":{"Type":"None"}},"GradingData":[],"Language":[],"NextChoiceId":4,"NextAnswerId":1}},{"SurveyID":"SV_0Cen2dll1P1xFKC","Element":"SQ","PrimaryAttribute":"QID32","SecondaryAttribute":"In the earlier scenario, how many doors were there in total (including either opened or unopened...","TertiaryAttribute":null,"Payload":{"QuestionText":"In the earlier scenario, how many doors were there in total (including either opened or unopened doors)?","DataExportTag":"Q32","QuestionType":"MC","Selector":"SAVR","SubSelector":"TX","Configuration":{"QuestionDescriptionOption":"UseText"},"QuestionDescription":"In the earlier scenario, how many doors were there in total (including either opened or unopened...","Choices":{"1":{"Display":"1 door in total"},"2":{"Display":"2 doors in total"},"3":{"Display":"3 doors in total"}},"ChoiceOrder":["1","2","3"],"Validation":{"Settings":{"ForceResponse":"OFF","ForceResponseType":"ON","Type":"None"}},"Language":[],"NextChoiceId":4,"NextAnswerId":1,"QuestionID":"QID32","DataVisibility":{"Private":false,"Hidden":false}}},{"SurveyID":"SV_0Cen2dll1P1xFKC","Element":"SQ","PrimaryAttribute":"QID44","SecondaryAttribute":"On the next page, you will be asked to upload a scan\/photo\/pdf of your handwritten notes in which...","TertiaryAttribute":null,"Payload":{"QuestionText":"On the next page, you will be asked to upload a scan\/photo\/pdf of your handwritten notes in which you explain to us the reasoning you used to arrive at your decision. You may use sketches to explain your answer. <u>Please prepare your answer now, before you continue onto the next page.<\/u> Once you have finished writing your explanation, you may proceed to the next page.","DefaultChoices":false,"DataExportTag":"Q44","QuestionID":"QID44","QuestionType":"MC","Selector":"SAVR","SubSelector":"TX","Configuration":{"QuestionDescriptionOption":"UseText"},"QuestionDescription":"On the next page, you will be asked to upload a scan\/photo\/pdf of your handwritten notes in which...","Choices":{"4":{"Display":"I have finished writing my explanation and am ready to upload a photo\/scan\/pdf of it."}},"ChoiceOrder":["4"],"Validation":{"Settings":{"ForceResponse":"ON","ForceResponseType":"ON","Type":"None"}},"GradingData":[],"Language":[],"NextChoiceId":7,"NextAnswerId":1,"DataVisibility":{"Private":false,"Hidden":false}}},{"SurveyID":"SV_0Cen2dll1P1xFKC","Element":"SQ","PrimaryAttribute":"QID45","SecondaryAttribute":"On the next page, you will be asked to upload a scan\/photo\/pdf of your handwritten notes in which...","TertiaryAttribute":null,"Payload":{"QuestionText":"On the next page, you will be asked to upload a scan\/photo\/pdf of your handwritten notes in which you explain to us the reasoning you used to arrive at your decision. You may use sketches to explain your answer. <u>Please prepare your answer now, before you continue onto the next page.<\/u> Once you have finished writing your explanation, you may proceed to the next page.","DefaultChoices":false,"DataExportTag":"Q45","QuestionType":"MC","Selector":"SAVR","SubSelector":"TX","DataVisibility":{"Private":false,"Hidden":false},"Configuration":{"QuestionDescriptionOption":"UseText"},"QuestionDescription":"On the next page, you will be asked to upload a scan\/photo\/pdf of your handwritten notes in which...","Choices":{"4":{"Display":"I have finished writing my explanation and am ready to upload a photo\/scan\/pdf of it."}},"ChoiceOrder":["4"],"Validation":{"Settings":{"ForceResponse":"ON","ForceResponseType":"ON","Type":"None"}},"GradingData":[],"Language":[],"NextChoiceId":7,"NextAnswerId":1,"QuestionID":"QID45"}},{"SurveyID":"SV_0Cen2dll1P1xFKC","Element":"SQ","PrimaryAttribute":"QID13","SecondaryAttribute":"Please also tell us if you were familiar with this game","TertiaryAttribute":null,"Payload":{"QuestionText":"Please also tell us if you were familiar with this game","DefaultChoices":false,"DataExportTag":"Q13","QuestionType":"MC","Selector":"SB","Configuration":{"QuestionDescriptionOption":"UseText"},"QuestionDescription":"Please also tell us if you were familiar with this game","Choices":{"1":{"Display":"I was already familiar with this game"},"2":{"Display":"I was not already familiar with this game"}},"ChoiceOrder":[1,2],"Validation":{"Settings":{"ForceResponse":"OFF","ForceResponseType":"ON","Type":"None"}},"GradingData":[],"Language":[],"NextChoiceId":3,"NextAnswerId":1,"QuestionID":"QID13"}},{"SurveyID":"SV_0Cen2dll1P1xFKC","Element":"SQ","PrimaryAttribute":"QID40","SecondaryAttribute":"Please upload a scan\/photo\/pdf of your handwritten notes in which you explain to us the reasoning...","TertiaryAttribute":null,"Payload":{"QuestionText":"Please upload a scan\/photo\/pdf of your handwritten notes in which you explain to us the reasoning you used to arrive at your decision. You may use sketches to explain your answer.","DefaultChoices":false,"DataExportTag":"Q40","QuestionID":"QID40","QuestionType":"FileUpload","Selector":"FileUpload","Configuration":{"QuestionDescriptionOption":"UseText","MinSeconds":"0","MaxSeconds":"0","AudioOnly":false,"VideoUpload":false},"QuestionDescription":"Please upload a scan\/photo\/pdf of your handwritten notes in which you explain to us the reasoning...","Validation":{"Settings":{"ForceResponse":"ON","ForceResponseType":"ON","Type":"None","ContentType":null}},"GradingData":[],"Language":[],"NextChoiceId":4,"NextAnswerId":1,"ScreenCaptureText":"Capture Screen","DataVisibility":{"Private":false,"Hidden":false}}},{"SurveyID":"SV_0Cen2dll1P1xFKC","Element":"SQ","PrimaryAttribute":"QID6","SecondaryAttribute":"Scenario: There is a game show in which the contestant is allowed to choose one of three closed d...","TertiaryAttribute":null,"Payload":{"QuestionText":"<div><strong>Scenario:<\/strong><\/div>\n\n<div>There is a game show in which the contestant is allowed to choose one of three closed doors. Behind one of the doors is the first prize, a suitcase full of money; behind each of the other doors is nothing. After the contestant has chosen a door, that door remains closed for the time being. The game show host, Maeve, who knows what is behind the doors, now has to <u>open one of the two unchosen doors and reveal that nothing is behind it<\/u>. After Maeve shows the contestant that there is nothing behind that door, she asks the contestant \"Do you want to stick with your first choice or switch to the last remaining door?\"<\/div>\n\n<div><br>\n<strong>Task:<\/strong><br>\nImagine you are Maeve, the host of this game show, and you know behind which door the suitcase full of money is.<br>\n<br>\nThe contestant chooses a door, say, number 1.<br>\n<br>\n<img style=\"width: 800px; height: 351px;\" src=\"https:\/\/stanforduniversity.qualtrics.com\/CP\/Graphic.php?IM=IM_9ozhikDzGZY671c\"><\/div>\n\n<p>&nbsp;<\/p>\n\n<p>In accordance with the rules of the game, you then open another door and show the contestant that there is nothing behind it. Now you ask the contestant&nbsp;whether they want to stay with the first choice (door 1) or to switch to the last remaining door.<\/p>\n\n<p>&nbsp;<\/p>\n\n<p>The suitcase full of money may be behind any of the <u>three doors<\/u>.<\/p>","DefaultChoices":false,"DataExportTag":"Q6","QuestionType":"DB","Selector":"TB","Configuration":{"QuestionDescriptionOption":"UseText"},"QuestionDescription":"Scenario: There is a game show in which the contestant is allowed to choose one of three closed d...","ChoiceOrder":[],"Validation":{"Settings":{"Type":"None"}},"GradingData":[],"Language":[],"NextChoiceId":4,"NextAnswerId":1,"QuestionID":"QID6","DataVisibility":{"Private":false,"Hidden":false}}},{"SurveyID":"SV_0Cen2dll1P1xFKC","Element":"SQ","PrimaryAttribute":"QID19","SecondaryAttribute":"Scenario: There is a game show in which the contestant is allowed to choose one of three closed d...","TertiaryAttribute":null,"Payload":{"QuestionText":"<div>\n<div><strong>Scenario:<\/strong><\/div>\n\n<div>There is a game show in which the contestant is allowed to choose one of three closed doors. Behind one of the doors is the first prize, a suitcase full of money; behind each of the other doors is nothing. After the contestant has chosen a door, that door remains closed for the time being. The game show host, Maeve, who knows what is behind the doors, now has to <u>open one of the two unchosen doors and reveal that nothing is behind it<\/u>. After Maeve shows the contestant that there is nothing behind that door, she asks the contestant &quot;Do you want to stick with your first choice or switch to the last remaining door?&quot;<\/div>\n<\/div>\n\n<div><br \/>\n<strong>Your task:<\/strong><br \/>\nImagine you are the contestant and you do not know which door the suitcase full of money is behind.<br \/>\n<br \/>\nYou now randomly choose a door, say, number 1.<br \/>\n<br \/>\n<img src=\"https:\/\/stanforduniversity.qualtrics.com\/CP\/Graphic.php?IM=IM_9ozhikDzGZY671c\" \/><br \/>\n<br \/>\nIn accordance with the rules of the game, Maeve then opens door 3&nbsp;and shows you that nothing is behind it. Now she asks you&nbsp;whether you want&nbsp;to stick with your&nbsp;first choice (door 1) or switch to door 2.<\/div>","DefaultChoices":false,"DataExportTag":"Q19","QuestionType":"DB","Selector":"TB","Configuration":{"QuestionDescriptionOption":"UseText"},"QuestionDescription":"Scenario: There is a game show in which the contestant is allowed to choose one of three closed d...","ChoiceOrder":[],"Validation":{"Settings":{"Type":"None"}},"GradingData":[],"Language":[],"NextChoiceId":4,"NextAnswerId":1,"QuestionID":"QID19","DataVisibility":{"Private":false,"Hidden":false}}},{"SurveyID":"SV_0Cen2dll1P1xFKC","Element":"SQ","PrimaryAttribute":"QID48","SecondaryAttribute":"Thank you for participating in this survey. Once you click 'Next page ' you will automatically be...","TertiaryAttribute":null,"Payload":{"QuestionText":"<strong>Thank you for participating in this survey.<\/strong><br \/>\n<br \/>\n<em>Once you click &#39;Next page &gt;&#39; you will automatically be redirected to Prolific.<\/em><br \/>\n<br \/>\nThis was a replication study of an experiment described by Krauss and Wang (2003) involving the Monty Hall problem. Please do not share this information with other potential participants.<br \/>\n<br \/>\nReference: Krauss, S., &amp; Wang, X. T. (2003). The psychology of the Monty Hall problem: Discovering psychological mechanisms for solving a tenacious brain teaser.&nbsp;<em>Journal of Experimental Psychology: General<\/em>,&nbsp;<em>132<\/em>(1), 3&ndash;22. https:\/\/doi.org\/10.1037\/0096-3445.132.1.3","DefaultChoices":false,"DataExportTag":"Q48","QuestionType":"DB","Selector":"TB","Configuration":{"QuestionDescriptionOption":"UseText"},"QuestionDescription":"Thank you for participating in this survey. Once you click 'Next page ' you will automatically be...","ChoiceOrder":[],"Validation":{"Settings":{"Type":"None"}},"GradingData":[],"Language":[],"NextChoiceId":4,"NextAnswerId":1,"QuestionID":"QID48"}},{"SurveyID":"SV_0Cen2dll1P1xFKC","Element":"SQ","PrimaryAttribute":"QID29","SecondaryAttribute":"Thank you for your participation in this study. This study was a replication of an experiment con...","TertiaryAttribute":null,"Payload":{"QuestionText":"Thank you for your participation in this study. This study was a replication of an experiment conducted by scientists Stefan Krauss and X.T. Wang. The experiment aimed to test the efficacy of a particular way of guiding participants' thinking about a problem known as the \"Monty Hall problem\". Please do not share this information with other potential participants. Please click through for your MTurk Completion Code.","DefaultChoices":false,"DataExportTag":"Q29","QuestionType":"DB","Selector":"TB","Configuration":{"QuestionDescriptionOption":"UseText"},"QuestionDescription":"Thank you for your participation in this study. This study was a replication of an experiment con...","ChoiceOrder":[],"Validation":{"Settings":{"Type":"None"}},"GradingData":[],"Language":[],"NextChoiceId":4,"NextAnswerId":1,"QuestionID":"QID29","DataVisibility":{"Private":false,"Hidden":false}}},{"SurveyID":"SV_0Cen2dll1P1xFKC","Element":"SQ","PrimaryAttribute":"QID31","SecondaryAttribute":"Thank you for your participation in this study. This study was a replication of an experiment con...","TertiaryAttribute":null,"Payload":{"QuestionText":"Thank you for your participation in this study. This study was a replication of an experiment conducted by scientists Stefan Krauss and X.T. Wang. The experiment aimed to test the efficacy of a particular way of guiding participants' thinking about a problem known as the \"Monty Hall problem\". Please do not share this information with other potential participants.&nbsp;<br><div><br><\/div><div>Please enter your MTurk worker ID below:<\/div>","DefaultChoices":false,"DataExportTag":"Q31","QuestionType":"TE","Selector":"SL","Configuration":{"QuestionDescriptionOption":"UseText","AllowFreeResponse":"false"},"QuestionDescription":"Thank you for your participation in this study. This study was a replication of an experiment con...","Validation":{"Settings":{"ForceResponse":"OFF","ForceResponseType":"ON","Type":"None"}},"GradingData":[],"Language":[],"NextChoiceId":4,"NextAnswerId":1,"QuestionID":"QID31"}},{"SurveyID":"SV_0Cen2dll1P1xFKC","Element":"SQ","PrimaryAttribute":"QID16","SecondaryAttribute":"Was this survey clear and comprehensible?","TertiaryAttribute":null,"Payload":{"QuestionText":"Was this survey clear and comprehensible?","DefaultChoices":false,"DataExportTag":"Q16","QuestionType":"MC","Selector":"SAVR","SubSelector":"TX","Configuration":{"QuestionDescriptionOption":"UseText"},"QuestionDescription":"Was this survey clear and comprehensible?","Choices":{"1":{"Display":"Clear and comprehensible"},"2":{"Display":"Not clear and comprehensible"}},"ChoiceOrder":[1,2],"Validation":{"Settings":{"ForceResponse":"ON","ForceResponseType":"ON","Type":"None"}},"GradingData":[],"Language":[],"NextChoiceId":3,"NextAnswerId":1,"QuestionID":"QID16","DataVisibility":{"Private":false,"Hidden":false}}},{"SurveyID":"SV_0Cen2dll1P1xFKC","Element":"SQ","PrimaryAttribute":"QID14","SecondaryAttribute":"Were you already familiar with this game (also known as the Monty Hall problem)? Note: How you an...","TertiaryAttribute":null,"Payload":{"QuestionText":"Were you already familiar with this game (also known as the Monty Hall problem)?<br \/>\n<em>Note: How you answer this question does not affect your compensation.<\/em>","DefaultChoices":false,"DataExportTag":"Q14","QuestionType":"MC","Selector":"SAVR","SubSelector":"TX","Configuration":{"QuestionDescriptionOption":"UseText"},"QuestionDescription":"Were you already familiar with this game (also known as the Monty Hall problem)? Note: How you an...","Choices":{"1":{"Display":"I was familiar with this game"},"2":{"Display":"I was not familiar with this game"}},"ChoiceOrder":[1,2],"Validation":{"Settings":{"ForceResponse":"ON","ForceResponseType":"ON","Type":"None"}},"GradingData":[],"Language":[],"NextChoiceId":3,"NextAnswerId":1,"QuestionID":"QID14","DataVisibility":{"Private":false,"Hidden":false}}},{"SurveyID":"SV_0Cen2dll1P1xFKC","Element":"SQ","PrimaryAttribute":"QID47","SecondaryAttribute":"What is your Prolific ID? Please note that this response should auto-fill with the correct ID.","TertiaryAttribute":null,"Payload":{"QuestionText":"What is your Prolific ID?<br \/>\n<em>Please note that this response should auto-fill with the correct ID.<\/em>","DefaultChoices":{"TEXT":{"Text":"${e:\/\/Field\/PROLIFIC_PID}"}},"DataExportTag":"Prolific ID question","QuestionType":"TE","Selector":"SL","Configuration":{"QuestionDescriptionOption":"UseText"},"QuestionDescription":"What is your Prolific ID? Please note that this response should auto-fill with the correct ID.","Validation":{"Settings":{"ForceResponse":"ON","ForceResponseType":"ON","Type":"MinChar","MinChars":"24"}},"GradingData":[],"Language":[],"NextChoiceId":4,"NextAnswerId":1,"SearchSource":{"AllowFreeResponse":"false"},"QuestionID":"QID47","DataVisibility":{"Private":false,"Hidden":false}}},{"SurveyID":"SV_0Cen2dll1P1xFKC","Element":"SQ","PrimaryAttribute":"QID10","SecondaryAttribute":"What should the contestant therefore do?","TertiaryAttribute":null,"Payload":{"QuestionText":"What should the contestant therefore do?","DefaultChoices":false,"DataExportTag":"Q10","QuestionType":"MC","Selector":"SAVR","SubSelector":"TX","Configuration":{"QuestionDescriptionOption":"UseText"},"QuestionDescription":"What should the contestant therefore do?","Choices":{"1":{"Display":"stick with the first choice (door 1)"},"2":{"Display":"switch to the last remaining door"}},"ChoiceOrder":[1,2],"Validation":{"Settings":{"ForceResponse":"ON","ForceResponseType":"ON","Type":"None"}},"GradingData":[],"Language":[],"NextChoiceId":3,"NextAnswerId":1,"QuestionID":"QID10","Randomization":{"Advanced":null,"TotalRandSubset":"","Type":"All"},"DataVisibility":{"Private":false,"Hidden":false}}}]}